
Microsoft Visual Studio Solution File, Format Version 12.00
# Visual Studio Version 17
VisualStudioVersion = 17.4.33205.214
MinimumVisualStudioVersion = 10.0.40219.1
Project("{8BC9CEB8-8B4A-11D0-8D11-00A0C91BC942}") = "PowerFlow", "PowerFlow.vcxproj", "{700EDD04-56D2-401F-9410-3AB6DC4FBE7C}"
EndProject
Global
	GlobalSection(SolutionConfigurationPlatforms) = preSolution
		Debug|x64 = Debug|x64
		Debug|x86 = Debug|x86
		Release|x64 = Release|x64
		Release|x86 = Release|x86
	EndGlobalSection
	GlobalSection(ProjectConfigurationPlatforms) = postSolution
		{700EDD04-56D2-401F-9410-3AB6DC4FBE7C}.Debug|x64.ActiveCfg = Debug|x64
		{700EDD04-56D2-401F-9410-3AB6DC4FBE7C}.Debug|x64.Build.0 = Debug|x64
		{700EDD04-56D2-401F-9410-3AB6DC4FBE7C}.Debug|x86.ActiveCfg = Debug|Win32
		{700EDD04-56D2-401F-9410-3AB6DC4FBE7C}.Debug|x86.Build.0 = Debug|Win32
		{700EDD04-56D2-401F-9410-3AB6DC4FBE7C}.Release|x64.ActiveCfg = Release|x64
		{700EDD04-56D2-401F-9410-3AB6DC4FBE7C}.Release|x64.Build.0 = Release|x64
		{700EDD04-56D2-401F-9410-3AB6DC4FBE7C}.Release|x86.ActiveCfg = Release|Win32
		{700EDD04-56D2-401F-9410-3AB6DC4FBE7C}.Release|x86.Build.0 = Release|Win32
	EndGlobalSection
	GlobalSection(SolutionProperties) = preSolution
		HideSolutionNode = FALSE
	EndGlobalSection
	GlobalSection(ExtensibilityGlobals) = postSolution
		SolutionGuid = {708DF073-180C-40C4-9B00-7FED84C3FF1E}
	EndGlobalSection
EndGlobal
